// !$*UTF8*$!
{
	archiveVersion = 1;
	classes = {
	};
	objectVersion = 46;
	objects = {

/* Begin PBXBuildFile section */
		7C4056651E426EC700443F96 /* main.m in Sources */ = {isa = PBXBuildFile; fileRef = 7C4056641E426EC700443F96 /* main.m */; };
		7C4056711E426EC700443F96 /* ImageSearch.xcdatamodeld in Sources */ = {isa = PBXBuildFile; fileRef = 7C40566F1E426EC700443F96 /* ImageSearch.xcdatamodeld */; };
		7C4056731E426EC700443F96 /* Assets.xcassets in Resources */ = {isa = PBXBuildFile; fileRef = 7C4056721E426EC700443F96 /* Assets.xcassets */; };
		7C4056761E426EC700443F96 /* LaunchScreen.storyboard in Resources */ = {isa = PBXBuildFile; fileRef = 7C4056741E426EC700443F96 /* LaunchScreen.storyboard */; };
		7C4056811E426EC700443F96 /* ImageSearchTests.m in Sources */ = {isa = PBXBuildFile; fileRef = 7C4056801E426EC700443F96 /* ImageSearchTests.m */; };
		7C40568C1E426EC700443F96 /* ImageSearchUITests.m in Sources */ = {isa = PBXBuildFile; fileRef = 7C40568B1E426EC700443F96 /* ImageSearchUITests.m */; };
		7C4056C21E42883B00443F96 /* AppDelegate.m in Sources */ = {isa = PBXBuildFile; fileRef = 7C4056C11E42883B00443F96 /* AppDelegate.m */; };
		7C4056C51E42885F00443F96 /* SearchCollectionViewController.m in Sources */ = {isa = PBXBuildFile; fileRef = 7C4056C41E42885F00443F96 /* SearchCollectionViewController.m */; };
		7C4056C81E42935800443F96 /* SearchImageTableViewCell.m in Sources */ = {isa = PBXBuildFile; fileRef = 7C4056C71E42935800443F96 /* SearchImageTableViewCell.m */; };
		7C4056CE1E429E9E00443F96 /* ImageSearchSharedClient.m in Sources */ = {isa = PBXBuildFile; fileRef = 7C4056CD1E429E9E00443F96 /* ImageSearchSharedClient.m */; };
		7C4056D31E42C57300443F96 /* SearchImageDetails.m in Sources */ = {isa = PBXBuildFile; fileRef = 7C4056D21E42C57300443F96 /* SearchImageDetails.m */; };
		7C4056D91E43862500443F96 /* DetailViewController.m in Sources */ = {isa = PBXBuildFile; fileRef = 7C4056D81E43862500443F96 /* DetailViewController.m */; };
		7C4056DC1E438B7600443F96 /* Main.storyboard in Resources */ = {isa = PBXBuildFile; fileRef = 7C4056DA1E438B7600443F96 /* Main.storyboard */; };
		7C4056DF1E43B46200443F96 /* Placeholder@2x.png in Resources */ = {isa = PBXBuildFile; fileRef = 7C4056DE1E43B46200443F96 /* Placeholder@2x.png */; };
		7C4056E31E43B5F100443F96 /* Constants.m in Sources */ = {isa = PBXBuildFile; fileRef = 7C4056E21E43B5F100443F96 /* Constants.m */; };
		ED259CC3BD8956447E82339A /* libPods-ImageSearch.a in Frameworks */ = {isa = PBXBuildFile; fileRef = F8DC02EE74461123036B27FE /* libPods-ImageSearch.a */; };
/* End PBXBuildFile section */

/* Begin PBXContainerItemProxy section */
		7C40567D1E426EC700443F96 /* PBXContainerItemProxy */ = {
			isa = PBXContainerItemProxy;
			containerPortal = 7C4056581E426EC700443F96 /* Project object */;
			proxyType = 1;
			remoteGlobalIDString = 7C40565F1E426EC700443F96;
			remoteInfo = ImageSearch;
		};
		7C4056881E426EC700443F96 /* PBXContainerItemProxy */ = {
			isa = PBXContainerItemProxy;
			containerPortal = 7C4056581E426EC700443F96 /* Project object */;
			proxyType = 1;
			remoteGlobalIDString = 7C40565F1E426EC700443F96;
			remoteInfo = ImageSearch;
		};
/* End PBXContainerItemProxy section */

/* Begin PBXFileReference section */
		50D43444BC5FB89C427AC589 /* Pods-ImageSearch.release.xcconfig */ = {isa = PBXFileReference; includeInIndex = 1; lastKnownFileType = text.xcconfig; name = "Pods-ImageSearch.release.xcconfig"; path = "Pods/Target Support Files/Pods-ImageSearch/Pods-ImageSearch.release.xcconfig"; sourceTree = "<group>"; };
		7C4056601E426EC700443F96 /* ImageSearch.app */ = {isa = PBXFileReference; explicitFileType = wrapper.application; includeInIndex = 0; path = ImageSearch.app; sourceTree = BUILT_PRODUCTS_DIR; };
		7C4056641E426EC700443F96 /* main.m */ = {isa = PBXFileReference; lastKnownFileType = sourcecode.c.objc; path = main.m; sourceTree = "<group>"; };
		7C4056701E426EC700443F96 /* ImageSearch.xcdatamodel */ = {isa = PBXFileReference; lastKnownFileType = wrapper.xcdatamodel; path = ImageSearch.xcdatamodel; sourceTree = "<group>"; };
		7C4056721E426EC700443F96 /* Assets.xcassets */ = {isa = PBXFileReference; lastKnownFileType = folder.assetcatalog; path = Assets.xcassets; sourceTree = "<group>"; };
		7C4056751E426EC700443F96 /* Base */ = {isa = PBXFileReference; lastKnownFileType = file.storyboard; name = Base; path = Base.lproj/LaunchScreen.storyboard; sourceTree = "<group>"; };
		7C4056771E426EC700443F96 /* Info.plist */ = {isa = PBXFileReference; lastKnownFileType = text.plist.xml; path = Info.plist; sourceTree = "<group>"; };
		7C40567C1E426EC700443F96 /* ImageSearchTests.xctest */ = {isa = PBXFileReference; explicitFileType = wrapper.cfbundle; includeInIndex = 0; path = ImageSearchTests.xctest; sourceTree = BUILT_PRODUCTS_DIR; };
		7C4056801E426EC700443F96 /* ImageSearchTests.m */ = {isa = PBXFileReference; lastKnownFileType = sourcecode.c.objc; path = ImageSearchTests.m; sourceTree = "<group>"; };
		7C4056821E426EC700443F96 /* Info.plist */ = {isa = PBXFileReference; lastKnownFileType = text.plist.xml; path = Info.plist; sourceTree = "<group>"; };
		7C4056871E426EC700443F96 /* ImageSearchUITests.xctest */ = {isa = PBXFileReference; explicitFileType = wrapper.cfbundle; includeInIndex = 0; path = ImageSearchUITests.xctest; sourceTree = BUILT_PRODUCTS_DIR; };
		7C40568B1E426EC700443F96 /* ImageSearchUITests.m */ = {isa = PBXFileReference; lastKnownFileType = sourcecode.c.objc; path = ImageSearchUITests.m; sourceTree = "<group>"; };
		7C40568D1E426EC700443F96 /* Info.plist */ = {isa = PBXFileReference; lastKnownFileType = text.plist.xml; path = Info.plist; sourceTree = "<group>"; };
		7C4056C01E42883B00443F96 /* AppDelegate.h */ = {isa = PBXFileReference; fileEncoding = 4; lastKnownFileType = sourcecode.c.h; path = AppDelegate.h; sourceTree = "<group>"; };
		7C4056C11E42883B00443F96 /* AppDelegate.m */ = {isa = PBXFileReference; fileEncoding = 4; lastKnownFileType = sourcecode.c.objc; path = AppDelegate.m; sourceTree = "<group>"; };
		7C4056C31E42885F00443F96 /* SearchCollectionViewController.h */ = {isa = PBXFileReference; fileEncoding = 4; lastKnownFileType = sourcecode.c.h; path = SearchCollectionViewController.h; sourceTree = "<group>"; };
		7C4056C41E42885F00443F96 /* SearchCollectionViewController.m */ = {isa = PBXFileReference; fileEncoding = 4; lastKnownFileType = sourcecode.c.objc; path = SearchCollectionViewController.m; sourceTree = "<group>"; };
		7C4056C61E42935800443F96 /* SearchImageTableViewCell.h */ = {isa = PBXFileReference; fileEncoding = 4; lastKnownFileType = sourcecode.c.h; path = SearchImageTableViewCell.h; sourceTree = "<group>"; };
		7C4056C71E42935800443F96 /* SearchImageTableViewCell.m */ = {isa = PBXFileReference; fileEncoding = 4; lastKnownFileType = sourcecode.c.objc; path = SearchImageTableViewCell.m; sourceTree = "<group>"; };
		7C4056CC1E429E9E00443F96 /* ImageSearchSharedClient.h */ = {isa = PBXFileReference; fileEncoding = 4; lastKnownFileType = sourcecode.c.h; path = ImageSearchSharedClient.h; sourceTree = "<group>"; };
		7C4056CD1E429E9E00443F96 /* ImageSearchSharedClient.m */ = {isa = PBXFileReference; fileEncoding = 4; lastKnownFileType = sourcecode.c.objc; path = ImageSearchSharedClient.m; sourceTree = "<group>"; };
		7C4056D01E42C16400443F96 /* ImageSearchDelegate.h */ = {isa = PBXFileReference; lastKnownFileType = sourcecode.c.h; path = ImageSearchDelegate.h; sourceTree = "<group>"; };
		7C4056D11E42C57300443F96 /* SearchImageDetails.h */ = {isa = PBXFileReference; fileEncoding = 4; lastKnownFileType = sourcecode.c.h; path = SearchImageDetails.h; sourceTree = "<group>"; };
		7C4056D21E42C57300443F96 /* SearchImageDetails.m */ = {isa = PBXFileReference; fileEncoding = 4; lastKnownFileType = sourcecode.c.objc; path = SearchImageDetails.m; sourceTree = "<group>"; };
		7C4056D71E43862500443F96 /* DetailViewController.h */ = {isa = PBXFileReference; fileEncoding = 4; lastKnownFileType = sourcecode.c.h; path = DetailViewController.h; sourceTree = "<group>"; };
		7C4056D81E43862500443F96 /* DetailViewController.m */ = {isa = PBXFileReference; fileEncoding = 4; lastKnownFileType = sourcecode.c.objc; path = DetailViewController.m; sourceTree = "<group>"; };
		7C4056DB1E438B7600443F96 /* Base */ = {isa = PBXFileReference; lastKnownFileType = file.storyboard; name = Base; path = Base.lproj/Main.storyboard; sourceTree = "<group>"; };
		7C4056DE1E43B46200443F96 /* Placeholder@2x.png */ = {isa = PBXFileReference; lastKnownFileType = image.png; path = "Placeholder@2x.png"; sourceTree = "<group>"; };
		7C4056E11E43B5F100443F96 /* Constants.h */ = {isa = PBXFileReference; fileEncoding = 4; lastKnownFileType = sourcecode.c.h; path = Constants.h; sourceTree = "<group>"; };
		7C4056E21E43B5F100443F96 /* Constants.m */ = {isa = PBXFileReference; fileEncoding = 4; lastKnownFileType = sourcecode.c.objc; path = Constants.m; sourceTree = "<group>"; };
		E66C641746A78C31521B13B6 /* Pods-ImageSearch.debug.xcconfig */ = {isa = PBXFileReference; includeInIndex = 1; lastKnownFileType = text.xcconfig; name = "Pods-ImageSearch.debug.xcconfig"; path = "Pods/Target Support Files/Pods-ImageSearch/Pods-ImageSearch.debug.xcconfig"; sourceTree = "<group>"; };
		F8DC02EE74461123036B27FE /* libPods-ImageSearch.a */ = {isa = PBXFileReference; explicitFileType = archive.ar; includeInIndex = 0; path = "libPods-ImageSearch.a"; sourceTree = BUILT_PRODUCTS_DIR; };
/* End PBXFileReference section */

/* Begin PBXFrameworksBuildPhase section */
		7C40565D1E426EC700443F96 /* Frameworks */ = {
			isa = PBXFrameworksBuildPhase;
			buildActionMask = 2147483647;
			files = (
				ED259CC3BD8956447E82339A /* libPods-ImageSearch.a in Frameworks */,
			);
			runOnlyForDeploymentPostprocessing = 0;
		};
		7C4056791E426EC700443F96 /* Frameworks */ = {
			isa = PBXFrameworksBuildPhase;
			buildActionMask = 2147483647;
			files = (
			);
			runOnlyForDeploymentPostprocessing = 0;
		};
		7C4056841E426EC700443F96 /* Frameworks */ = {
			isa = PBXFrameworksBuildPhase;
			buildActionMask = 2147483647;
			files = (
			);
			runOnlyForDeploymentPostprocessing = 0;
		};
/* End PBXFrameworksBuildPhase section */

/* Begin PBXGroup section */
		7C4056571E426EC700443F96 = {
			isa = PBXGroup;
			children = (
				7C4056621E426EC700443F96 /* ImageSearch */,
				7C40567F1E426EC700443F96 /* ImageSearchTests */,
				7C40568A1E426EC700443F96 /* ImageSearchUITests */,
				7C4056611E426EC700443F96 /* Products */,
				BC2E6C060F5E8DCBC18BCB3B /* Pods */,
				B279DECA11F20A457304BC15 /* Frameworks */,
			);
			sourceTree = "<group>";
		};
		7C4056611E426EC700443F96 /* Products */ = {
			isa = PBXGroup;
			children = (
				7C4056601E426EC700443F96 /* ImageSearch.app */,
				7C40567C1E426EC700443F96 /* ImageSearchTests.xctest */,
				7C4056871E426EC700443F96 /* ImageSearchUITests.xctest */,
			);
			name = Products;
			sourceTree = "<group>";
		};
		7C4056621E426EC700443F96 /* ImageSearch */ = {
			isa = PBXGroup;
			children = (
				7C4056E01E43B48200443F96 /* Utility */,
				7C4056DD1E43B46200443F96 /* Resources */,
				7C4056BB1E42881F00443F96 /* Application */,
				7C4056BC1E42881F00443F96 /* WebHttpClient */,
				7C4056BD1E42881F00443F96 /* Views */,
				7C4056BE1E42881F00443F96 /* Model */,
				7C4056BF1E42881F00443F96 /* ViewController */,
				7C4056771E426EC700443F96 /* Info.plist */,
				7C4056721E426EC700443F96 /* Assets.xcassets */,
				7C4056DA1E438B7600443F96 /* Main.storyboard */,
				7C4056741E426EC700443F96 /* LaunchScreen.storyboard */,
				7C40566F1E426EC700443F96 /* ImageSearch.xcdatamodeld */,
				7C4056631E426EC700443F96 /* Supporting Files */,
			);
			path = ImageSearch;
			sourceTree = "<group>";
		};
		7C4056631E426EC700443F96 /* Supporting Files */ = {
			isa = PBXGroup;
			children = (
				7C4056641E426EC700443F96 /* main.m */,
			);
			name = "Supporting Files";
			sourceTree = "<group>";
		};
		7C40567F1E426EC700443F96 /* ImageSearchTests */ = {
			isa = PBXGroup;
			children = (
				7C4056801E426EC700443F96 /* ImageSearchTests.m */,
				7C4056821E426EC700443F96 /* Info.plist */,
			);
			path = ImageSearchTests;
			sourceTree = "<group>";
		};
		7C40568A1E426EC700443F96 /* ImageSearchUITests */ = {
			isa = PBXGroup;
			children = (
				7C40568B1E426EC700443F96 /* ImageSearchUITests.m */,
				7C40568D1E426EC700443F96 /* Info.plist */,
			);
			path = ImageSearchUITests;
			sourceTree = "<group>";
		};
		7C4056BB1E42881F00443F96 /* Application */ = {
			isa = PBXGroup;
			children = (
				7C4056C01E42883B00443F96 /* AppDelegate.h */,
				7C4056C11E42883B00443F96 /* AppDelegate.m */,
			);
			path = Application;
			sourceTree = "<group>";
		};
		7C4056BC1E42881F00443F96 /* WebHttpClient */ = {
			isa = PBXGroup;
			children = (
				7C4056CF1E42C10C00443F96 /* Protocol */,
				7C4056CC1E429E9E00443F96 /* ImageSearchSharedClient.h */,
				7C4056CD1E429E9E00443F96 /* ImageSearchSharedClient.m */,
			);
			path = WebHttpClient;
			sourceTree = "<group>";
		};
		7C4056BD1E42881F00443F96 /* Views */ = {
			isa = PBXGroup;
			children = (
				7C4056C61E42935800443F96 /* SearchImageTableViewCell.h */,
				7C4056C71E42935800443F96 /* SearchImageTableViewCell.m */,
			);
			path = Views;
			sourceTree = "<group>";
		};
		7C4056BE1E42881F00443F96 /* Model */ = {
			isa = PBXGroup;
			children = (
				7C4056D11E42C57300443F96 /* SearchImageDetails.h */,
				7C4056D21E42C57300443F96 /* SearchImageDetails.m */,
			);
			path = Model;
			sourceTree = "<group>";
		};
		7C4056BF1E42881F00443F96 /* ViewController */ = {
			isa = PBXGroup;
			children = (
				7C4056C31E42885F00443F96 /* SearchCollectionViewController.h */,
				7C4056C41E42885F00443F96 /* SearchCollectionViewController.m */,
				7C4056D71E43862500443F96 /* DetailViewController.h */,
				7C4056D81E43862500443F96 /* DetailViewController.m */,
			);
			path = ViewController;
			sourceTree = "<group>";
		};
		7C4056CF1E42C10C00443F96 /* Protocol */ = {
			isa = PBXGroup;
			children = (
				7C4056D01E42C16400443F96 /* ImageSearchDelegate.h */,
			);
			path = Protocol;
			sourceTree = "<group>";
		};
		7C4056DD1E43B46200443F96 /* Resources */ = {
			isa = PBXGroup;
			children = (
				7C4056DE1E43B46200443F96 /* Placeholder@2x.png */,
			);
			path = Resources;
			sourceTree = "<group>";
		};
		7C4056E01E43B48200443F96 /* Utility */ = {
			isa = PBXGroup;
			children = (
				7C4056E11E43B5F100443F96 /* Constants.h */,
				7C4056E21E43B5F100443F96 /* Constants.m */,
			);
			path = Utility;
			sourceTree = "<group>";
		};
		B279DECA11F20A457304BC15 /* Frameworks */ = {
			isa = PBXGroup;
			children = (
				F8DC02EE74461123036B27FE /* libPods-ImageSearch.a */,
			);
			name = Frameworks;
			sourceTree = "<group>";
		};
		BC2E6C060F5E8DCBC18BCB3B /* Pods */ = {
			isa = PBXGroup;
			children = (
				E66C641746A78C31521B13B6 /* Pods-ImageSearch.debug.xcconfig */,
				50D43444BC5FB89C427AC589 /* Pods-ImageSearch.release.xcconfig */,
			);
			name = Pods;
			sourceTree = "<group>";
		};
/* End PBXGroup section */

/* Begin PBXNativeTarget section */
		7C40565F1E426EC700443F96 /* ImageSearch */ = {
			isa = PBXNativeTarget;
			buildConfigurationList = 7C4056901E426EC700443F96 /* Build configuration list for PBXNativeTarget "ImageSearch" */;
			buildPhases = (
				2D91C0A20FB4741135F0D83C /* [CP] Check Pods Manifest.lock */,
				7C40565C1E426EC700443F96 /* Sources */,
				7C40565D1E426EC700443F96 /* Frameworks */,
				7C40565E1E426EC700443F96 /* Resources */,
				03870243A7D1551E723E6771 /* [CP] Embed Pods Frameworks */,
				54ABEFFE63436888E1F25982 /* [CP] Copy Pods Resources */,
			);
			buildRules = (
			);
			dependencies = (
			);
			name = ImageSearch;
			productName = ImageSearch;
			productReference = 7C4056601E426EC700443F96 /* ImageSearch.app */;
			productType = "com.apple.product-type.application";
		};
		7C40567B1E426EC700443F96 /* ImageSearchTests */ = {
			isa = PBXNativeTarget;
			buildConfigurationList = 7C4056931E426EC700443F96 /* Build configuration list for PBXNativeTarget "ImageSearchTests" */;
			buildPhases = (
				7C4056781E426EC700443F96 /* Sources */,
				7C4056791E426EC700443F96 /* Frameworks */,
				7C40567A1E426EC700443F96 /* Resources */,
			);
			buildRules = (
			);
			dependencies = (
				7C40567E1E426EC700443F96 /* PBXTargetDependency */,
			);
			name = ImageSearchTests;
			productName = ImageSearchTests;
			productReference = 7C40567C1E426EC700443F96 /* ImageSearchTests.xctest */;
			productType = "com.apple.product-type.bundle.unit-test";
		};
		7C4056861E426EC700443F96 /* ImageSearchUITests */ = {
			isa = PBXNativeTarget;
			buildConfigurationList = 7C4056961E426EC700443F96 /* Build configuration list for PBXNativeTarget "ImageSearchUITests" */;
			buildPhases = (
				7C4056831E426EC700443F96 /* Sources */,
				7C4056841E426EC700443F96 /* Frameworks */,
				7C4056851E426EC700443F96 /* Resources */,
			);
			buildRules = (
			);
			dependencies = (
				7C4056891E426EC700443F96 /* PBXTargetDependency */,
			);
			name = ImageSearchUITests;
			productName = ImageSearchUITests;
			productReference = 7C4056871E426EC700443F96 /* ImageSearchUITests.xctest */;
			productType = "com.apple.product-type.bundle.ui-testing";
		};
/* End PBXNativeTarget section */

/* Begin PBXProject section */
		7C4056581E426EC700443F96 /* Project object */ = {
			isa = PBXProject;
			attributes = {
				LastUpgradeCheck = 0820;
				ORGANIZATIONNAME = "Swagatika Rath";
				TargetAttributes = {
					7C40565F1E426EC700443F96 = {
						CreatedOnToolsVersion = 8.2.1;
						ProvisioningStyle = Automatic;
					};
					7C40567B1E426EC700443F96 = {
						CreatedOnToolsVersion = 8.2.1;
						ProvisioningStyle = Automatic;
						TestTargetID = 7C40565F1E426EC700443F96;
					};
					7C4056861E426EC700443F96 = {
						CreatedOnToolsVersion = 8.2.1;
						ProvisioningStyle = Automatic;
						TestTargetID = 7C40565F1E426EC700443F96;
					};
				};
			};
			buildConfigurationList = 7C40565B1E426EC700443F96 /* Build configuration list for PBXProject "ImageSearch" */;
			compatibilityVersion = "Xcode 3.2";
			developmentRegion = English;
			hasScannedForEncodings = 0;
			knownRegions = (
				en,
				Base,
			);
			mainGroup = 7C4056571E426EC700443F96;
			productRefGroup = 7C4056611E426EC700443F96 /* Products */;
			projectDirPath = "";
			projectRoot = "";
			targets = (
				7C40565F1E426EC700443F96 /* ImageSearch */,
				7C40567B1E426EC700443F96 /* ImageSearchTests */,
				7C4056861E426EC700443F96 /* ImageSearchUITests */,
			);
		};
/* End PBXProject section */

/* Begin PBXResourcesBuildPhase section */
		7C40565E1E426EC700443F96 /* Resources */ = {
			isa = PBXResourcesBuildPhase;
			buildActionMask = 2147483647;
			files = (
				7C4056761E426EC700443F96 /* LaunchScreen.storyboard in Resources */,
				7C4056731E426EC700443F96 /* Assets.xcassets in Resources */,
				7C4056DF1E43B46200443F96 /* Placeholder@2x.png in Resources */,
				7C4056DC1E438B7600443F96 /* Main.storyboard in Resources */,
			);
			runOnlyForDeploymentPostprocessing = 0;
		};
		7C40567A1E426EC700443F96 /* Resources */ = {
			isa = PBXResourcesBuildPhase;
			buildActionMask = 2147483647;
			files = (
			);
			runOnlyForDeploymentPostprocessing = 0;
		};
		7C4056851E426EC700443F96 /* Resources */ = {
			isa = PBXResourcesBuildPhase;
			buildActionMask = 2147483647;
			files = (
			);
			runOnlyForDeploymentPostprocessing = 0;
		};
/* End PBXResourcesBuildPhase section */

/* Begin PBXShellScriptBuildPhase section */
		03870243A7D1551E723E6771 /* [CP] Embed Pods Frameworks */ = {
			isa = PBXShellScriptBuildPhase;
			buildActionMask = 2147483647;
			files = (
			);
			inputPaths = (
			);
			name = "[CP] Embed Pods Frameworks";
			outputPaths = (
			);
			runOnlyForDeploymentPostprocessing = 0;
			shellPath = /bin/sh;
			shellScript = "\"${SRCROOT}/Pods/Target Support Files/Pods-ImageSearch/Pods-ImageSearch-frameworks.sh\"\n";
			showEnvVarsInLog = 0;
		};
		2D91C0A20FB4741135F0D83C /* [CP] Check Pods Manifest.lock */ = {
			isa = PBXShellScriptBuildPhase;
			buildActionMask = 2147483647;
			files = (
			);
			inputPaths = (
			);
			name = "[CP] Check Pods Manifest.lock";
			outputPaths = (
			);
			runOnlyForDeploymentPostprocessing = 0;
			shellPath = /bin/sh;
			shellScript = "diff \"${PODS_ROOT}/../Podfile.lock\" \"${PODS_ROOT}/Manifest.lock\" > /dev/null\nif [ $? != 0 ] ; then\n    # print error to STDERR\n    echo \"error: The sandbox is not in sync with the Podfile.lock. Run 'pod install' or update your CocoaPods installation.\" >&2\n    exit 1\nfi\n";
			showEnvVarsInLog = 0;
		};
		54ABEFFE63436888E1F25982 /* [CP] Copy Pods Resources */ = {
			isa = PBXShellScriptBuildPhase;
			buildActionMask = 2147483647;
			files = (
			);
			inputPaths = (
			);
			name = "[CP] Copy Pods Resources";
			outputPaths = (
			);
			runOnlyForDeploymentPostprocessing = 0;
			shellPath = /bin/sh;
			shellScript = "\"${SRCROOT}/Pods/Target Support Files/Pods-ImageSearch/Pods-ImageSearch-resources.sh\"\n";
			showEnvVarsInLog = 0;
		};
/* End PBXShellScriptBuildPhase section */

/* Begin PBXSourcesBuildPhase section */
		7C40565C1E426EC700443F96 /* Sources */ = {
			isa = PBXSourcesBuildPhase;
			buildActionMask = 2147483647;
			files = (
				7C4056C51E42885F00443F96 /* SearchCollectionViewController.m in Sources */,
				7C4056C81E42935800443F96 /* SearchImageTableViewCell.m in Sources */,
				7C4056C21E42883B00443F96 /* AppDelegate.m in Sources */,
				7C4056D91E43862500443F96 /* DetailViewController.m in Sources */,
				7C4056711E426EC700443F96 /* ImageSearch.xcdatamodeld in Sources */,
				7C4056651E426EC700443F96 /* main.m in Sources */,
				7C4056D31E42C57300443F96 /* SearchImageDetails.m in Sources */,
				7C4056CE1E429E9E00443F96 /* ImageSearchSharedClient.m in Sources */,
				7C4056E31E43B5F100443F96 /* Constants.m in Sources */,
			);
			runOnlyForDeploymentPostprocessing = 0;
		};
		7C4056781E426EC700443F96 /* Sources */ = {
			isa = PBXSourcesBuildPhase;
			buildActionMask = 2147483647;
			files = (
				7C4056811E426EC700443F96 /* ImageSearchTests.m in Sources */,
			);
			runOnlyForDeploymentPostprocessing = 0;
		};
		7C4056831E426EC700443F96 /* Sources */ = {
			isa = PBXSourcesBuildPhase;
			buildActionMask = 2147483647;
			files = (
				7C40568C1E426EC700443F96 /* ImageSearchUITests.m in Sources */,
			);
			runOnlyForDeploymentPostprocessing = 0;
		};
/* End PBXSourcesBuildPhase section */

/* Begin PBXTargetDependency section */
		7C40567E1E426EC700443F96 /* PBXTargetDependency */ = {
			isa = PBXTargetDependency;
			target = 7C40565F1E426EC700443F96 /* ImageSearch */;
			targetProxy = 7C40567D1E426EC700443F96 /* PBXContainerItemProxy */;
		};
		7C4056891E426EC700443F96 /* PBXTargetDependency */ = {
			isa = PBXTargetDependency;
			target = 7C40565F1E426EC700443F96 /* ImageSearch */;
			targetProxy = 7C4056881E426EC700443F96 /* PBXContainerItemProxy */;
		};
/* End PBXTargetDependency section */

/* Begin PBXVariantGroup section */
		7C4056741E426EC700443F96 /* LaunchScreen.storyboard */ = {
			isa = PBXVariantGroup;
			children = (
				7C4056751E426EC700443F96 /* Base */,
			);
			name = LaunchScreen.storyboard;
			sourceTree = "<group>";
		};
		7C4056DA1E438B7600443F96 /* Main.storyboard */ = {
			isa = PBXVariantGroup;
			children = (
				7C4056DB1E438B7600443F96 /* Base */,
			);
			name = Main.storyboard;
			sourceTree = "<group>";
		};
/* End PBXVariantGroup section */

/* Begin XCBuildConfiguration section */
		7C40568E1E426EC700443F96 /* Debug */ = {
			isa = XCBuildConfiguration;
			buildSettings = {
				ALWAYS_SEARCH_USER_PATHS = NO;
				CLANG_ANALYZER_NONNULL = YES;
				CLANG_CXX_LANGUAGE_STANDARD = "gnu++0x";
				CLANG_CXX_LIBRARY = "libc++";
				CLANG_ENABLE_MODULES = YES;
				CLANG_ENABLE_OBJC_ARC = YES;
				CLANG_WARN_BOOL_CONVERSION = YES;
				CLANG_WARN_CONSTANT_CONVERSION = YES;
				CLANG_WARN_DIRECT_OBJC_ISA_USAGE = YES_ERROR;
				CLANG_WARN_DOCUMENTATION_COMMENTS = YES;
				CLANG_WARN_EMPTY_BODY = YES;
				CLANG_WARN_ENUM_CONVERSION = YES;
				CLANG_WARN_INFINITE_RECURSION = YES;
				CLANG_WARN_INT_CONVERSION = YES;
				CLANG_WARN_OBJC_ROOT_CLASS = YES_ERROR;
				CLANG_WARN_SUSPICIOUS_MOVE = YES;
				CLANG_WARN_UNREACHABLE_CODE = YES;
				CLANG_WARN__DUPLICATE_METHOD_MATCH = YES;
				"CODE_SIGN_IDENTITY[sdk=iphoneos*]" = "iPhone Developer";
				COPY_PHASE_STRIP = NO;
				DEBUG_INFORMATION_FORMAT = dwarf;
				ENABLE_STRICT_OBJC_MSGSEND = YES;
				ENABLE_TESTABILITY = YES;
				GCC_C_LANGUAGE_STANDARD = gnu99;
				GCC_DYNAMIC_NO_PIC = NO;
				GCC_NO_COMMON_BLOCKS = YES;
				GCC_OPTIMIZATION_LEVEL = 0;
				GCC_PREPROCESSOR_DEFINITIONS = (
					"DEBUG=1",
					"$(inherited)",
				);
				GCC_WARN_64_TO_32_BIT_CONVERSION = YES;
				GCC_WARN_ABOUT_RETURN_TYPE = YES_ERROR;
				GCC_WARN_UNDECLARED_SELECTOR = YES;
				GCC_WARN_UNINITIALIZED_AUTOS = YES_AGGRESSIVE;
				GCC_WARN_UNUSED_FUNCTION = YES;
				GCC_WARN_UNUSED_VARIABLE = YES;
				IPHONEOS_DEPLOYMENT_TARGET = 10.2;
				MTL_ENABLE_DEBUG_INFO = YES;
				ONLY_ACTIVE_ARCH = YES;
				SDKROOT = iphoneos;
				TARGETED_DEVICE_FAMILY = "1,2";
			};
			name = Debug;
		};
		7C40568F1E426EC700443F96 /* Release */ = {
			isa = XCBuildConfiguration;
			buildSettings = {
				ALWAYS_SEARCH_USER_PATHS = NO;
				CLANG_ANALYZER_NONNULL = YES;
				CLANG_CXX_LANGUAGE_STANDARD = "gnu++0x";
				CLANG_CXX_LIBRARY = "libc++";
				CLANG_ENABLE_MODULES = YES;
				CLANG_ENABLE_OBJC_ARC = YES;
				CLANG_WARN_BOOL_CONVERSION = YES;
				CLANG_WARN_CONSTANT_CONVERSION = YES;
				CLANG_WARN_DIRECT_OBJC_ISA_USAGE = YES_ERROR;
				CLANG_WARN_DOCUMENTATION_COMMENTS = YES;
				CLANG_WARN_EMPTY_BODY = YES;
				CLANG_WARN_ENUM_CONVERSION = YES;
				CLANG_WARN_INFINITE_RECURSION = YES;
				CLANG_WARN_INT_CONVERSION = YES;
				CLANG_WARN_OBJC_ROOT_CLASS = YES_ERROR;
				CLANG_WARN_SUSPICIOUS_MOVE = YES;
				CLANG_WARN_UNREACHABLE_CODE = YES;
				CLANG_WARN__DUPLICATE_METHOD_MATCH = YES;
				"CODE_SIGN_IDENTITY[sdk=iphoneos*]" = "iPhone Developer";
				COPY_PHASE_STRIP = NO;
				DEBUG_INFORMATION_FORMAT = "dwarf-with-dsym";
				ENABLE_NS_ASSERTIONS = NO;
				ENABLE_STRICT_OBJC_MSGSEND = YES;
				GCC_C_LANGUAGE_STANDARD = gnu99;
				GCC_NO_COMMON_BLOCKS = YES;
				GCC_WARN_64_TO_32_BIT_CONVERSION = YES;
				GCC_WARN_ABOUT_RETURN_TYPE = YES_ERROR;
				GCC_WARN_UNDECLARED_SELECTOR = YES;
				GCC_WARN_UNINITIALIZED_AUTOS = YES_AGGRESSIVE;
				GCC_WARN_UNUSED_FUNCTION = YES;
				GCC_WARN_UNUSED_VARIABLE = YES;
				IPHONEOS_DEPLOYMENT_TARGET = 10.2;
				MTL_ENABLE_DEBUG_INFO = NO;
				SDKROOT = iphoneos;
				TARGETED_DEVICE_FAMILY = "1,2";
				VALIDATE_PRODUCT = YES;
			};
			name = Release;
		};
		7C4056911E426EC700443F96 /* Debug */ = {
			isa = XCBuildConfiguration;
			baseConfigurationReference = E66C641746A78C31521B13B6 /* Pods-ImageSearch.debug.xcconfig */;
			buildSettings = {
				ASSETCATALOG_COMPILER_APPICON_NAME = AppIcon;
				INFOPLIST_FILE = ImageSearch/Info.plist;
				LD_RUNPATH_SEARCH_PATHS = "$(inherited) @executable_path/Frameworks";
				PRODUCT_BUNDLE_IDENTIFIER = com.swagatika.kiva.ImageSearch;
				PRODUCT_NAME = "$(TARGET_NAME)";
				TARGETED_DEVICE_FAMILY = "1,2";
			};
			name = Debug;
		};
		7C4056921E426EC700443F96 /* Release */ = {
			isa = XCBuildConfiguration;
			baseConfigurationReference = 50D43444BC5FB89C427AC589 /* Pods-ImageSearch.release.xcconfig */;
			buildSettings = {
				ASSETCATALOG_COMPILER_APPICON_NAME = AppIcon;
				INFOPLIST_FILE = ImageSearch/Info.plist;
				LD_RUNPATH_SEARCH_PATHS = "$(inherited) @executable_path/Frameworks";
				PRODUCT_BUNDLE_IDENTIFIER = com.swagatika.kiva.ImageSearch;
				PRODUCT_NAME = "$(TARGET_NAME)";
				TARGETED_DEVICE_FAMILY = "1,2";
			};
			name = Release;
		};
		7C4056941E426EC700443F96 /* Debug */ = {
			isa = XCBuildConfiguration;
			buildSettings = {
				BUNDLE_LOADER = "$(TEST_HOST)";
				INFOPLIST_FILE = ImageSearchTests/Info.plist;
				LD_RUNPATH_SEARCH_PATHS = "$(inherited) @executable_path/Frameworks @loader_path/Frameworks";
				PRODUCT_BUNDLE_IDENTIFIER = com.swagatika.kiva.ImageSearchTests;
				PRODUCT_NAME = "$(TARGET_NAME)";
				TEST_HOST = "$(BUILT_PRODUCTS_DIR)/ImageSearch.app/ImageSearch";
			};
			name = Debug;
		};
		7C4056951E426EC700443F96 /* Release */ = {
			isa = XCBuildConfiguration;
			buildSettings = {
				BUNDLE_LOADER = "$(TEST_HOST)";
				INFOPLIST_FILE = ImageSearchTests/Info.plist;
				LD_RUNPATH_SEARCH_PATHS = "$(inherited) @executable_path/Frameworks @loader_path/Frameworks";
				PRODUCT_BUNDLE_IDENTIFIER = com.swagatika.kiva.ImageSearchTests;
				PRODUCT_NAME = "$(TARGET_NAME)";
				TEST_HOST = "$(BUILT_PRODUCTS_DIR)/ImageSearch.app/ImageSearch";
			};
			name = Release;
		};
		7C4056971E426EC700443F96 /* Debug */ = {
			isa = XCBuildConfiguration;
			buildSettings = {
				INFOPLIST_FILE = ImageSearchUITests/Info.plist;
				LD_RUNPATH_SEARCH_PATHS = "$(inherited) @executable_path/Frameworks @loader_path/Frameworks";
				PRODUCT_BUNDLE_IDENTIFIER = com.swagatika.kiva.ImageSearchUITests;
				PRODUCT_NAME = "$(TARGET_NAME)";
				TEST_TARGET_NAME = ImageSearch;
			};
			name = Debug;
		};
		7C4056981E426EC700443F96 /* Release */ = {
			isa = XCBuildConfiguration;
			buildSettings = {
				INFOPLIST_FILE = ImageSearchUITests/Info.plist;
				LD_RUNPATH_SEARCH_PATHS = "$(inherited) @executable_path/Frameworks @loader_path/Frameworks";
				PRODUCT_BUNDLE_IDENTIFIER = com.swagatika.kiva.ImageSearchUITests;
				PRODUCT_NAME = "$(TARGET_NAME)";
				TEST_TARGET_NAME = ImageSearch;
			};
			name = Release;
		};
/* End XCBuildConfiguration section */

/* Begin XCConfigurationList section */
		7C40565B1E426EC700443F96 /* Build configuration list for PBXProject "ImageSearch" */ = {
			isa = XCConfigurationList;
			buildConfigurations = (
				7C40568E1E426EC700443F96 /* Debug */,
				7C40568F1E426EC700443F96 /* Release */,
			);
			defaultConfigurationIsVisible = 0;
			defaultConfigurationName = Release;
		};
		7C4056901E426EC700443F96 /* Build configuration list for PBXNativeTarget "ImageSearch" */ = {
			isa = XCConfigurationList;
			buildConfigurations = (
				7C4056911E426EC700443F96 /* Debug */,
				7C4056921E426EC700443F96 /* Release */,
			);
			defaultConfigurationIsVisible = 0;
			defaultConfigurationName = Release;
		};
		7C4056931E426EC700443F96 /* Build configuration list for PBXNativeTarget "ImageSearchTests" */ = {
			isa = XCConfigurationList;
			buildConfigurations = (
				7C4056941E426EC700443F96 /* Debug */,
				7C4056951E426EC700443F96 /* Release */,
			);
			defaultConfigurationIsVisible = 0;
			defaultConfigurationName = Release;
		};
		7C4056961E426EC700443F96 /* Build configuration list for PBXNativeTarget "ImageSearchUITests" */ = {
			isa = XCConfigurationList;
			buildConfigurations = (
				7C4056971E426EC700443F96 /* Debug */,
				7C4056981E426EC700443F96 /* Release */,
			);
			defaultConfigurationIsVisible = 0;
			defaultConfigurationName = Release;
		};
/* End XCConfigurationList section */

/* Begin XCVersionGroup section */
		7C40566F1E426EC700443F96 /* ImageSearch.xcdatamodeld */ = {
			isa = XCVersionGroup;
			children = (
				7C4056701E426EC700443F96 /* ImageSearch.xcdatamodel */,
			);
			currentVersion = 7C4056701E426EC700443F96 /* ImageSearch.xcdatamodel */;
			path = ImageSearch.xcdatamodeld;
			sourceTree = "<group>";
			versionGroupType = wrapper.xcdatamodel;
		};
/* End XCVersionGroup section */
	};
	rootObject = 7C4056581E426EC700443F96 /* Project object */;
}
